// !$*UTF8*$!
{
	archiveVersion = 1;
	classes = {
	};
	objectVersion = 46;
	objects = {

/* Begin PBXBuildFile section */
		C862E70D1B916D6A00993A9D /* main.m in Sources */ = {isa = PBXBuildFile; fileRef = C862E70C1B916D6A00993A9D /* main.m */; };
		C862E7101B916D6A00993A9D /* AppDelegate.m in Sources */ = {isa = PBXBuildFile; fileRef = C862E70F1B916D6A00993A9D /* AppDelegate.m */; };
		C862E7131B916D6A00993A9D /* ViewController.m in Sources */ = {isa = PBXBuildFile; fileRef = C862E7121B916D6A00993A9D /* ViewController.m */; };
		C862E7161B916D6A00993A9D /* Main.storyboard in Resources */ = {isa = PBXBuildFile; fileRef = C862E7141B916D6A00993A9D /* Main.storyboard */; };
		C862E7181B916D6A00993A9D /* Assets.xcassets in Resources */ = {isa = PBXBuildFile; fileRef = C862E7171B916D6A00993A9D /* Assets.xcassets */; };
		C862E71B1B916D6A00993A9D /* LaunchScreen.storyboard in Resources */ = {isa = PBXBuildFile; fileRef = C862E7191B916D6A00993A9D /* LaunchScreen.storyboard */; };
/* End PBXBuildFile section */

/* Begin PBXFileReference section */
		C862E7081B916D6A00993A9D /* ApplicationCrashWithoutClues.app */ = {isa = PBXFileReference; explicitFileType = wrapper.application; includeInIndex = 0; path = ApplicationCrashWithoutClues.app; sourceTree = BUILT_PRODUCTS_DIR; };
		C862E70C1B916D6A00993A9D /* main.m */ = {isa = PBXFileReference; lastKnownFileType = sourcecode.c.objc; path = main.m; sourceTree = "<group>"; };
		C862E70E1B916D6A00993A9D /* AppDelegate.h */ = {isa = PBXFileReference; lastKnownFileType = sourcecode.c.h; path = AppDelegate.h; sourceTree = "<group>"; };
		C862E70F1B916D6A00993A9D /* AppDelegate.m */ = {isa = PBXFileReference; lastKnownFileType = sourcecode.c.objc; path = AppDelegate.m; sourceTree = "<group>"; };
		C862E7111B916D6A00993A9D /* ViewController.h */ = {isa = PBXFileReference; lastKnownFileType = sourcecode.c.h; path = ViewController.h; sourceTree = "<group>"; };
		C862E7121B916D6A00993A9D /* ViewController.m */ = {isa = PBXFileReference; lastKnownFileType = sourcecode.c.objc; path = ViewController.m; sourceTree = "<group>"; };
		C862E7151B916D6A00993A9D /* Base */ = {isa = PBXFileReference; lastKnownFileType = file.storyboard; name = Base; path = Base.lproj/Main.storyboard; sourceTree = "<group>"; };
		C862E7171B916D6A00993A9D /* Assets.xcassets */ = {isa = PBXFileReference; lastKnownFileType = folder.assetcatalog; path = Assets.xcassets; sourceTree = "<group>"; };
		C862E71A1B916D6A00993A9D /* Base */ = {isa = PBXFileReference; lastKnownFileType = file.storyboard; name = Base; path = Base.lproj/LaunchScreen.storyboard; sourceTree = "<group>"; };
		C862E71C1B916D6A00993A9D /* Info.plist */ = {isa = PBXFileReference; lastKnownFileType = text.plist.xml; path = Info.plist; sourceTree = "<group>"; };
/* End PBXFileReference section */

/* Begin PBXFrameworksBuildPhase section */
		C862E7051B916D6A00993A9D /* Frameworks */ = {
			isa = PBXFrameworksBuildPhase;
			buildActionMask = 2147483647;
			files = (
			);
			runOnlyForDeploymentPostprocessing = 0;
		};
/* End PBXFrameworksBuildPhase section */

/* Begin PBXGroup section */
		C862E6FF1B916D6A00993A9D = {
			isa = PBXGroup;
			children = (
				C862E70A1B916D6A00993A9D /* ApplicationCrashWithoutClues */,
				C862E7091B916D6A00993A9D /* Products */,
			);
			sourceTree = "<group>";
		};
		C862E7091B916D6A00993A9D /* Products */ = {
			isa = PBXGroup;
			children = (
				C862E7081B916D6A00993A9D /* ApplicationCrashWithoutClues.app */,
			);
			name = Products;
			sourceTree = "<group>";
		};
		C862E70A1B916D6A00993A9D /* ApplicationCrashWithoutClues */ = {
			isa = PBXGroup;
			children = (
				C862E70E1B916D6A00993A9D /* AppDelegate.h */,
				C862E70F1B916D6A00993A9D /* AppDelegate.m */,
				C862E7111B916D6A00993A9D /* ViewController.h */,
				C862E7121B916D6A00993A9D /* ViewController.m */,
				C862E7141B916D6A00993A9D /* Main.storyboard */,
				C862E7171B916D6A00993A9D /* Assets.xcassets */,
				C862E7191B916D6A00993A9D /* LaunchScreen.storyboard */,
				C862E71C1B916D6A00993A9D /* Info.plist */,
				C862E70B1B916D6A00993A9D /* Supporting Files */,
			);
			path = ApplicationCrashWithoutClues;
			sourceTree = "<group>";
		};
		C862E70B1B916D6A00993A9D /* Supporting Files */ = {
			isa = PBXGroup;
			children = (
				C862E70C1B916D6A00993A9D /* main.m */,
			);
			name = "Supporting Files";
			sourceTree = "<group>";
		};
/* End PBXGroup section */

/* Begin PBXNativeTarget section */
		C862E7071B916D6A00993A9D /* ApplicationCrashWithoutClues */ = {
			isa = PBXNativeTarget;
			buildConfigurationList = C862E71F1B916D6A00993A9D /* Build configuration list for PBXNativeTarget "ApplicationCrashWithoutClues" */;
			buildPhases = (
				C862E7041B916D6A00993A9D /* Sources */,
				C862E7051B916D6A00993A9D /* Frameworks */,
				C862E7061B916D6A00993A9D /* Resources */,
			);
			buildRules = (
			);
			dependencies = (
			);
			name = ApplicationCrashWithoutClues;
			productName = ApplicationCrashWithoutClues;
			productReference = C862E7081B916D6A00993A9D /* ApplicationCrashWithoutClues.app */;
			productType = "com.apple.product-type.application";
		};
/* End PBXNativeTarget section */

/* Begin PBXProject section */
		C862E7001B916D6A00993A9D /* Project object */ = {
			isa = PBXProject;
			attributes = {
				LastUpgradeCheck = 0700;
				ORGANIZATIONNAME = "Magno Urbano";
				TargetAttributes = {
					C862E7071B916D6A00993A9D = {
						CreatedOnToolsVersion = 7.0;
					};
				};
			};
			buildConfigurationList = C862E7031B916D6A00993A9D /* Build configuration list for PBXProject "ApplicationCrashWithoutClues" */;
			compatibilityVersion = "Xcode 3.2";
			developmentRegion = English;
			hasScannedForEncodings = 0;
			knownRegions = (
				en,
				Base,
			);
			mainGroup = C862E6FF1B916D6A00993A9D;
			productRefGroup = C862E7091B916D6A00993A9D /* Products */;
			projectDirPath = "";
			projectRoot = "";
			targets = (
				C862E7071B916D6A00993A9D /* ApplicationCrashWithoutClues */,
			);
		};
/* End PBXProject section */

/* Begin PBXResourcesBuildPhase section */
		C862E7061B916D6A00993A9D /* Resources */ = {
			isa = PBXResourcesBuildPhase;
			buildActionMask = 2147483647;
			files = (
				C862E71B1B916D6A00993A9D /* LaunchScreen.storyboard in Resources */,
				C862E7181B916D6A00993A9D /* Assets.xcassets in Resources */,
				C862E7161B916D6A00993A9D /* Main.storyboard in Resources */,
			);
			runOnlyForDeploymentPostprocessing = 0;
		};
/* End PBXResourcesBuildPhase section */

/* Begin PBXSourcesBuildPhase section */
		C862E7041B916D6A00993A9D /* Sources */ = {
			isa = PBXSourcesBuildPhase;
			buildActionMask = 2147483647;
			files = (
				C862E7131B916D6A00993A9D /* ViewController.m in Sources */,
				C862E7101B916D6A00993A9D /* AppDelegate.m in Sources */,
				C862E70D1B916D6A00993A9D /* main.m in Sources */,
			);
			runOnlyForDeploymentPostprocessing = 0;
		};
/* End PBXSourcesBuildPhase section */

/* Begin PBXVariantGroup section */
		C862E7141B916D6A00993A9D /* Main.storyboard */ = {
			isa = PBXVariantGroup;
			children = (
				C862E7151B916D6A00993A9D /* Base */,
			);
			name = Main.storyboard;
			sourceTree = "<group>";
		};
		C862E7191B916D6A00993A9D /* LaunchScreen.storyboard */ = {
			isa = PBXVariantGroup;
			children = (
				C862E71A1B916D6A00993A9D /* Base */,
			);
			name = LaunchScreen.storyboard;
			sourceTree = "<group>";
		};
/* End PBXVariantGroup section */

/* Begin XCBuildConfiguration section */
		C862E71D1B916D6A00993A9D /* Debug */ = {
			isa = XCBuildConfiguration;
			buildSettings = {
				ALWAYS_SEARCH_USER_PATHS = NO;
				CLANG_CXX_LANGUAGE_STANDARD = "gnu++0x";
				CLANG_CXX_LIBRARY = "libc++";
				CLANG_ENABLE_MODULES = YES;
				CLANG_ENABLE_OBJC_ARC = YES;
				CLANG_WARN_BOOL_CONVERSION = YES;
				CLANG_WARN_CONSTANT_CONVERSION = YES;
				CLANG_WARN_DIRECT_OBJC_ISA_USAGE = YES_ERROR;
				CLANG_WARN_EMPTY_BODY = YES;
				CLANG_WARN_ENUM_CONVERSION = YES;
				CLANG_WARN_INT_CONVERSION = YES;
				CLANG_WARN_OBJC_ROOT_CLASS = YES_ERROR;
				CLANG_WARN_UNREACHABLE_CODE = YES;
				CLANG_WARN__DUPLICATE_METHOD_MATCH = YES;
				"CODE_SIGN_IDENTITY[sdk=iphoneos*]" = "iPhone Developer";
				COPY_PHASE_STRIP = NO;
				DEBUG_INFORMATION_FORMAT = dwarf;
				ENABLE_STRICT_OBJC_MSGSEND = YES;
				ENABLE_TESTABILITY = YES;
				GCC_C_LANGUAGE_STANDARD = gnu99;
				GCC_DYNAMIC_NO_PIC = NO;
				GCC_NO_COMMON_BLOCKS = YES;
				GCC_OPTIMIZATION_LEVEL = 0;
				GCC_PREPROCESSOR_DEFINITIONS = (
					"DEBUG=1",
					"$(inherited)",
				);
				GCC_WARN_64_TO_32_BIT_CONVERSION = YES;
				GCC_WARN_ABOUT_RETURN_TYPE = YES_ERROR;
				GCC_WARN_UNDECLARED_SELECTOR = YES;
				GCC_WARN_UNINITIALIZED_AUTOS = YES_AGGRESSIVE;
				GCC_WARN_UNUSED_FUNCTION = YES;
				GCC_WARN_UNUSED_VARIABLE = YES;
				IPHONEOS_DEPLOYMENT_TARGET = 9.0;
				MTL_ENABLE_DEBUG_INFO = YES;
				ONLY_ACTIVE_ARCH = YES;
				SDKROOT = iphoneos;
			};
			name = Debug;
		};
		C862E71E1B916D6A00993A9D /* Release */ = {
			isa = XCBuildConfiguration;
			buildSettings = {
				ALWAYS_SEARCH_USER_PATHS = NO;
				CLANG_CXX_LANGUAGE_STANDARD = "gnu++0x";
				CLANG_CXX_LIBRARY = "libc++";
				CLANG_ENABLE_MODULES = YES;
				CLANG_ENABLE_OBJC_ARC = YES;
				CLANG_WARN_BOOL_CONVERSION = YES;
				CLANG_WARN_CONSTANT_CONVERSION = YES;
				CLANG_WARN_DIRECT_OBJC_ISA_USAGE = YES_ERROR;
				CLANG_WARN_EMPTY_BODY = YES;
				CLANG_WARN_ENUM_CONVERSION = YES;
				CLANG_WARN_INT_CONVERSION = YES;
				CLANG_WARN_OBJC_ROOT_CLASS = YES_ERROR;
				CLANG_WARN_UNREACHABLE_CODE = YES;
				CLANG_WARN__DUPLICATE_METHOD_MATCH = YES;
				"CODE_SIGN_IDENTITY[sdk=iphoneos*]" = "iPhone Developer";
				COPY_PHASE_STRIP = NO;
				DEBUG_INFORMATION_FORMAT = "dwarf-with-dsym";
				ENABLE_NS_ASSERTIONS = NO;
				ENABLE_STRICT_OBJC_MSGSEND = YES;
				GCC_C_LANGUAGE_STANDARD = gnu99;
				GCC_NO_COMMON_BLOCKS = YES;
				GCC_WARN_64_TO_32_BIT_CONVERSION = YES;
				GCC_WARN_ABOUT_RETURN_TYPE = YES_ERROR;
				GCC_WARN_UNDECLARED_SELECTOR = YES;
				GCC_WARN_UNINITIALIZED_AUTOS = YES_AGGRESSIVE;
				GCC_WARN_UNUSED_FUNCTION = YES;
				GCC_WARN_UNUSED_VARIABLE = YES;
				IPHONEOS_DEPLOYMENT_TARGET = 9.0;
				MTL_ENABLE_DEBUG_INFO = NO;
				SDKROOT = iphoneos;
				VALIDATE_PRODUCT = YES;
			};
			name = Release;
		};
		C862E7201B916D6A00993A9D /* Debug */ = {
			isa = XCBuildConfiguration;
			buildSettings = {
				ASSETCATALOG_COMPILER_APPICON_NAME = AppIcon;
				INFOPLIST_FILE = ApplicationCrashWithoutClues/Info.plist;
				LD_RUNPATH_SEARCH_PATHS = "$(inherited) @executable_path/Frameworks";
				PRODUCT_BUNDLE_IDENTIFIER = com.appcrash.ApplicationCrashWithoutClues;
				PRODUCT_NAME = "$(TARGET_NAME)";
			};
			name = Debug;
		};
		C862E7211B916D6A00993A9D /* Release */ = {
			isa = XCBuildConfiguration;
			buildSettings = {
				ASSETCATALOG_COMPILER_APPICON_NAME = AppIcon;
				INFOPLIST_FILE = ApplicationCrashWithoutClues/Info.plist;
				LD_RUNPATH_SEARCH_PATHS = "$(inherited) @executable_path/Frameworks";
				PRODUCT_BUNDLE_IDENTIFIER = com.appcrash.ApplicationCrashWithoutClues;
				PRODUCT_NAME = "$(TARGET_NAME)";
			};
			name = Release;
		};
/* End XCBuildConfiguration section */

/* Begin XCConfigurationList section */
		C862E7031B916D6A00993A9D /* Build configuration list for PBXProject "ApplicationCrashWithoutClues" */ = {
			isa = XCConfigurationList;
			buildConfigurations = (
				C862E71D1B916D6A00993A9D /* Debug */,
				C862E71E1B916D6A00993A9D /* Release */,
			);
			defaultConfigurationIsVisible = 0;
			defaultConfigurationName = Release;
		};
		C862E71F1B916D6A00993A9D /* Build configuration list for PBXNativeTarget "ApplicationCrashWithoutClues" */ = {
			isa = XCConfigurationList;
			buildConfigurations = (
				C862E7201B916D6A00993A9D /* Debug */,
				C862E7211B916D6A00993A9D /* Release */,
			);
			defaultConfigurationIsVisible = 0;
		};
/* End XCConfigurationList section */
	};
	rootObject = C862E7001B916D6A00993A9D /* Project object */;
}
