// !$*UTF8*$!
{
	archiveVersion = 1;
	classes = {
	};
	objectVersion = 46;
	objects = {

/* Begin PBXBuildFile section */
		C862E8741B917E9E00993A9D /* AppDelegate.swift in Sources */ = {isa = PBXBuildFile; fileRef = C862E8731B917E9E00993A9D /* AppDelegate.swift */; };
		C862E8761B917E9E00993A9D /* ViewController.swift in Sources */ = {isa = PBXBuildFile; fileRef = C862E8751B917E9E00993A9D /* ViewController.swift */; };
		C862E8791B917E9E00993A9D /* Main.storyboard in Resources */ = {isa = PBXBuildFile; fileRef = C862E8771B917E9E00993A9D /* Main.storyboard */; };
		C862E87B1B917E9E00993A9D /* Assets.xcassets in Resources */ = {isa = PBXBuildFile; fileRef = C862E87A1B917E9E00993A9D /* Assets.xcassets */; };
		C862E87E1B917E9E00993A9D /* LaunchScreen.storyboard in Resources */ = {isa = PBXBuildFile; fileRef = C862E87C1B917E9E00993A9D /* LaunchScreen.storyboard */; };
/* End PBXBuildFile section */

/* Begin PBXFileReference section */
		C862E8701B917E9D00993A9D /* CheckVersion.app */ = {isa = PBXFileReference; explicitFileType = wrapper.application; includeInIndex = 0; path = CheckVersion.app; sourceTree = BUILT_PRODUCTS_DIR; };
		C862E8731B917E9E00993A9D /* AppDelegate.swift */ = {isa = PBXFileReference; lastKnownFileType = sourcecode.swift; path = AppDelegate.swift; sourceTree = "<group>"; };
		C862E8751B917E9E00993A9D /* ViewController.swift */ = {isa = PBXFileReference; lastKnownFileType = sourcecode.swift; path = ViewController.swift; sourceTree = "<group>"; };
		C862E8781B917E9E00993A9D /* Base */ = {isa = PBXFileReference; lastKnownFileType = file.storyboard; name = Base; path = Base.lproj/Main.storyboard; sourceTree = "<group>"; };
		C862E87A1B917E9E00993A9D /* Assets.xcassets */ = {isa = PBXFileReference; lastKnownFileType = folder.assetcatalog; path = Assets.xcassets; sourceTree = "<group>"; };
		C862E87D1B917E9E00993A9D /* Base */ = {isa = PBXFileReference; lastKnownFileType = file.storyboard; name = Base; path = Base.lproj/LaunchScreen.storyboard; sourceTree = "<group>"; };
		C862E87F1B917E9E00993A9D /* Info.plist */ = {isa = PBXFileReference; lastKnownFileType = text.plist.xml; path = Info.plist; sourceTree = "<group>"; };
/* End PBXFileReference section */

/* Begin PBXFrameworksBuildPhase section */
		C862E86D1B917E9D00993A9D /* Frameworks */ = {
			isa = PBXFrameworksBuildPhase;
			buildActionMask = 2147483647;
			files = (
			);
			runOnlyForDeploymentPostprocessing = 0;
		};
/* End PBXFrameworksBuildPhase section */

/* Begin PBXGroup section */
		C862E8671B917E9D00993A9D = {
			isa = PBXGroup;
			children = (
				C862E8721B917E9D00993A9D /* CheckVersion */,
				C862E8711B917E9D00993A9D /* Products */,
			);
			sourceTree = "<group>";
		};
		C862E8711B917E9D00993A9D /* Products */ = {
			isa = PBXGroup;
			children = (
				C862E8701B917E9D00993A9D /* CheckVersion.app */,
			);
			name = Products;
			sourceTree = "<group>";
		};
		C862E8721B917E9D00993A9D /* CheckVersion */ = {
			isa = PBXGroup;
			children = (
				C862E8731B917E9E00993A9D /* AppDelegate.swift */,
				C862E8751B917E9E00993A9D /* ViewController.swift */,
				C862E8771B917E9E00993A9D /* Main.storyboard */,
				C862E87A1B917E9E00993A9D /* Assets.xcassets */,
				C862E87C1B917E9E00993A9D /* LaunchScreen.storyboard */,
				C862E87F1B917E9E00993A9D /* Info.plist */,
			);
			path = CheckVersion;
			sourceTree = "<group>";
		};
/* End PBXGroup section */

/* Begin PBXNativeTarget section */
		C862E86F1B917E9D00993A9D /* CheckVersion */ = {
			isa = PBXNativeTarget;
			buildConfigurationList = C862E8821B917E9E00993A9D /* Build configuration list for PBXNativeTarget "CheckVersion" */;
			buildPhases = (
				C862E86C1B917E9D00993A9D /* Sources */,
				C862E86D1B917E9D00993A9D /* Frameworks */,
				C862E86E1B917E9D00993A9D /* Resources */,
			);
			buildRules = (
			);
			dependencies = (
			);
			name = CheckVersion;
			productName = CheckVersion;
			productReference = C862E8701B917E9D00993A9D /* CheckVersion.app */;
			productType = "com.apple.product-type.application";
		};
/* End PBXNativeTarget section */

/* Begin PBXProject section */
		C862E8681B917E9D00993A9D /* Project object */ = {
			isa = PBXProject;
			attributes = {
				LastUpgradeCheck = 0700;
				ORGANIZATIONNAME = "Magno Urbano";
				TargetAttributes = {
					C862E86F1B917E9D00993A9D = {
						CreatedOnToolsVersion = 7.0;
					};
				};
			};
			buildConfigurationList = C862E86B1B917E9D00993A9D /* Build configuration list for PBXProject "CheckVersion" */;
			compatibilityVersion = "Xcode 3.2";
			developmentRegion = English;
			hasScannedForEncodings = 0;
			knownRegions = (
				en,
				Base,
			);
			mainGroup = C862E8671B917E9D00993A9D;
			productRefGroup = C862E8711B917E9D00993A9D /* Products */;
			projectDirPath = "";
			projectRoot = "";
			targets = (
				C862E86F1B917E9D00993A9D /* CheckVersion */,
			);
		};
/* End PBXProject section */

/* Begin PBXResourcesBuildPhase section */
		C862E86E1B917E9D00993A9D /* Resources */ = {
			isa = PBXResourcesBuildPhase;
			buildActionMask = 2147483647;
			files = (
				C862E87E1B917E9E00993A9D /* LaunchScreen.storyboard in Resources */,
				C862E87B1B917E9E00993A9D /* Assets.xcassets in Resources */,
				C862E8791B917E9E00993A9D /* Main.storyboard in Resources */,
			);
			runOnlyForDeploymentPostprocessing = 0;
		};
/* End PBXResourcesBuildPhase section */

/* Begin PBXSourcesBuildPhase section */
		C862E86C1B917E9D00993A9D /* Sources */ = {
			isa = PBXSourcesBuildPhase;
			buildActionMask = 2147483647;
			files = (
				C862E8761B917E9E00993A9D /* ViewController.swift in Sources */,
				C862E8741B917E9E00993A9D /* AppDelegate.swift in Sources */,
			);
			runOnlyForDeploymentPostprocessing = 0;
		};
/* End PBXSourcesBuildPhase section */

/* Begin PBXVariantGroup section */
		C862E8771B917E9E00993A9D /* Main.storyboard */ = {
			isa = PBXVariantGroup;
			children = (
				C862E8781B917E9E00993A9D /* Base */,
			);
			name = Main.storyboard;
			sourceTree = "<group>";
		};
		C862E87C1B917E9E00993A9D /* LaunchScreen.storyboard */ = {
			isa = PBXVariantGroup;
			children = (
				C862E87D1B917E9E00993A9D /* Base */,
			);
			name = LaunchScreen.storyboard;
			sourceTree = "<group>";
		};
/* End PBXVariantGroup section */

/* Begin XCBuildConfiguration section */
		C862E8801B917E9E00993A9D /* Debug */ = {
			isa = XCBuildConfiguration;
			buildSettings = {
				ALWAYS_SEARCH_USER_PATHS = NO;
				CLANG_CXX_LANGUAGE_STANDARD = "gnu++0x";
				CLANG_CXX_LIBRARY = "libc++";
				CLANG_ENABLE_MODULES = YES;
				CLANG_ENABLE_OBJC_ARC = YES;
				CLANG_WARN_BOOL_CONVERSION = YES;
				CLANG_WARN_CONSTANT_CONVERSION = YES;
				CLANG_WARN_DIRECT_OBJC_ISA_USAGE = YES_ERROR;
				CLANG_WARN_EMPTY_BODY = YES;
				CLANG_WARN_ENUM_CONVERSION = YES;
				CLANG_WARN_INT_CONVERSION = YES;
				CLANG_WARN_OBJC_ROOT_CLASS = YES_ERROR;
				CLANG_WARN_UNREACHABLE_CODE = YES;
				CLANG_WARN__DUPLICATE_METHOD_MATCH = YES;
				"CODE_SIGN_IDENTITY[sdk=iphoneos*]" = "iPhone Developer";
				COPY_PHASE_STRIP = NO;
				DEBUG_INFORMATION_FORMAT = dwarf;
				ENABLE_STRICT_OBJC_MSGSEND = YES;
				ENABLE_TESTABILITY = YES;
				GCC_C_LANGUAGE_STANDARD = gnu99;
				GCC_DYNAMIC_NO_PIC = NO;
				GCC_NO_COMMON_BLOCKS = YES;
				GCC_OPTIMIZATION_LEVEL = 0;
				GCC_PREPROCESSOR_DEFINITIONS = (
					"DEBUG=1",
					"$(inherited)",
				);
				GCC_WARN_64_TO_32_BIT_CONVERSION = YES;
				GCC_WARN_ABOUT_RETURN_TYPE = YES_ERROR;
				GCC_WARN_UNDECLARED_SELECTOR = YES;
				GCC_WARN_UNINITIALIZED_AUTOS = YES_AGGRESSIVE;
				GCC_WARN_UNUSED_FUNCTION = YES;
				GCC_WARN_UNUSED_VARIABLE = YES;
				IPHONEOS_DEPLOYMENT_TARGET = 9.0;
				MTL_ENABLE_DEBUG_INFO = YES;
				ONLY_ACTIVE_ARCH = YES;
				SDKROOT = iphoneos;
				SWIFT_OPTIMIZATION_LEVEL = "-Onone";
			};
			name = Debug;
		};
		C862E8811B917E9E00993A9D /* Release */ = {
			isa = XCBuildConfiguration;
			buildSettings = {
				ALWAYS_SEARCH_USER_PATHS = NO;
				CLANG_CXX_LANGUAGE_STANDARD = "gnu++0x";
				CLANG_CXX_LIBRARY = "libc++";
				CLANG_ENABLE_MODULES = YES;
				CLANG_ENABLE_OBJC_ARC = YES;
				CLANG_WARN_BOOL_CONVERSION = YES;
				CLANG_WARN_CONSTANT_CONVERSION = YES;
				CLANG_WARN_DIRECT_OBJC_ISA_USAGE = YES_ERROR;
				CLANG_WARN_EMPTY_BODY = YES;
				CLANG_WARN_ENUM_CONVERSION = YES;
				CLANG_WARN_INT_CONVERSION = YES;
				CLANG_WARN_OBJC_ROOT_CLASS = YES_ERROR;
				CLANG_WARN_UNREACHABLE_CODE = YES;
				CLANG_WARN__DUPLICATE_METHOD_MATCH = YES;
				"CODE_SIGN_IDENTITY[sdk=iphoneos*]" = "iPhone Developer";
				COPY_PHASE_STRIP = NO;
				DEBUG_INFORMATION_FORMAT = "dwarf-with-dsym";
				ENABLE_NS_ASSERTIONS = NO;
				ENABLE_STRICT_OBJC_MSGSEND = YES;
				GCC_C_LANGUAGE_STANDARD = gnu99;
				GCC_NO_COMMON_BLOCKS = YES;
				GCC_WARN_64_TO_32_BIT_CONVERSION = YES;
				GCC_WARN_ABOUT_RETURN_TYPE = YES_ERROR;
				GCC_WARN_UNDECLARED_SELECTOR = YES;
				GCC_WARN_UNINITIALIZED_AUTOS = YES_AGGRESSIVE;
				GCC_WARN_UNUSED_FUNCTION = YES;
				GCC_WARN_UNUSED_VARIABLE = YES;
				IPHONEOS_DEPLOYMENT_TARGET = 9.0;
				MTL_ENABLE_DEBUG_INFO = NO;
				SDKROOT = iphoneos;
				VALIDATE_PRODUCT = YES;
			};
			name = Release;
		};
		C862E8831B917E9E00993A9D /* Debug */ = {
			isa = XCBuildConfiguration;
			buildSettings = {
				ASSETCATALOG_COMPILER_APPICON_NAME = AppIcon;
				INFOPLIST_FILE = CheckVersion/Info.plist;
				LD_RUNPATH_SEARCH_PATHS = "$(inherited) @executable_path/Frameworks";
				PRODUCT_BUNDLE_IDENTIFIER = com.version.CheckVersion;
				PRODUCT_NAME = "$(TARGET_NAME)";
			};
			name = Debug;
		};
		C862E8841B917E9E00993A9D /* Release */ = {
			isa = XCBuildConfiguration;
			buildSettings = {
				ASSETCATALOG_COMPILER_APPICON_NAME = AppIcon;
				INFOPLIST_FILE = CheckVersion/Info.plist;
				LD_RUNPATH_SEARCH_PATHS = "$(inherited) @executable_path/Frameworks";
				PRODUCT_BUNDLE_IDENTIFIER = com.version.CheckVersion;
				PRODUCT_NAME = "$(TARGET_NAME)";
			};
			name = Release;
		};
/* End XCBuildConfiguration section */

/* Begin XCConfigurationList section */
		C862E86B1B917E9D00993A9D /* Build configuration list for PBXProject "CheckVersion" */ = {
			isa = XCConfigurationList;
			buildConfigurations = (
				C862E8801B917E9E00993A9D /* Debug */,
				C862E8811B917E9E00993A9D /* Release */,
			);
			defaultConfigurationIsVisible = 0;
			defaultConfigurationName = Release;
		};
		C862E8821B917E9E00993A9D /* Build configuration list for PBXNativeTarget "CheckVersion" */ = {
			isa = XCConfigurationList;
			buildConfigurations = (
				C862E8831B917E9E00993A9D /* Debug */,
				C862E8841B917E9E00993A9D /* Release */,
			);
			defaultConfigurationIsVisible = 0;
		};
/* End XCConfigurationList section */
	};
	rootObject = C862E8681B917E9D00993A9D /* Project object */;
}
